// !$*UTF8*$!
{
	archiveVersion = 1;
	classes = {
	};
	objectVersion = 46;
	objects = {

/* Begin PBXBuildFile section */
		607FACD61AFB9204008FA782 /* AppDelegate.swift in Sources */ = {isa = PBXBuildFile; fileRef = 607FACD51AFB9204008FA782 /* AppDelegate.swift */; };
		607FACDD1AFB9204008FA782 /* Images.xcassets in Resources */ = {isa = PBXBuildFile; fileRef = 607FACDC1AFB9204008FA782 /* Images.xcassets */; };
		607FACE01AFB9204008FA782 /* LaunchScreen.xib in Resources */ = {isa = PBXBuildFile; fileRef = 607FACDE1AFB9204008FA782 /* LaunchScreen.xib */; };
		607FACEC1AFB9204008FA782 /* Tests.swift in Sources */ = {isa = PBXBuildFile; fileRef = 607FACEB1AFB9204008FA782 /* Tests.swift */; };
		7842221DFE6510BF3BCACD09 /* Pods_EasyMakePhotoPicker_Tests.framework in Frameworks */ = {isa = PBXBuildFile; fileRef = 0193BF6F991F2A13DA2FC676 /* Pods_EasyMakePhotoPicker_Tests.framework */; };
		8939ACF591243926BAAECA64 /* Pods_EasyMakePhotoPicker_Example.framework in Frameworks */ = {isa = PBXBuildFile; fileRef = 688A280E254D8000A7A13495 /* Pods_EasyMakePhotoPicker_Example.framework */; };
		8B1494711F0CDA1400548263 /* KaKaoPhotosViewConfigure.swift in Sources */ = {isa = PBXBuildFile; fileRef = 8B1494701F0CDA1400548263 /* KaKaoPhotosViewConfigure.swift */; };
		8B1494731F0CE04400548263 /* KaKaoPhotoCollectionsViewConfigure.swift in Sources */ = {isa = PBXBuildFile; fileRef = 8B1494721F0CE04400548263 /* KaKaoPhotoCollectionsViewConfigure.swift */; };
		8B1494781F0CE2E800548263 /* KaKaoPhotosLayout.swift in Sources */ = {isa = PBXBuildFile; fileRef = 8B1494771F0CE2E800548263 /* KaKaoPhotosLayout.swift */; };
		8B14949C1F0CE3C300548263 /* Base+View+VC.swift in Sources */ = {isa = PBXBuildFile; fileRef = 8B14949B1F0CE3C300548263 /* Base+View+VC.swift */; };
		8B14949E1F0E29D300548263 /* PlayerView.swift in Sources */ = {isa = PBXBuildFile; fileRef = 8B14949D1F0E29D300548263 /* PlayerView.swift */; };
		8B1494A21F0E2AAB00548263 /* KaKaoPhotoCollectionLayout.swift in Sources */ = {isa = PBXBuildFile; fileRef = 8B1494A11F0E2AAB00548263 /* KaKaoPhotoCollectionLayout.swift */; };
		8B1494A41F0E2C0700548263 /* KaKaoPhotoCollectionCell.swift in Sources */ = {isa = PBXBuildFile; fileRef = 8B1494A31F0E2C0700548263 /* KaKaoPhotoCollectionCell.swift */; };
		8B1494AA1F0E2D8500548263 /* Then.swift in Sources */ = {isa = PBXBuildFile; fileRef = 8B1494A91F0E2D8500548263 /* Then.swift */; };
		8B1494AD1F0E359800548263 /* FacebookNumberLabel.swift in Sources */ = {isa = PBXBuildFile; fileRef = 8B1494AC1F0E359800548263 /* FacebookNumberLabel.swift */; };
		8B1494AF1F0E35BF00548263 /* FacebookPhotoCell.swift in Sources */ = {isa = PBXBuildFile; fileRef = 8B1494AE1F0E35BF00548263 /* FacebookPhotoCell.swift */; };
		8B1494B11F0E35CC00548263 /* FacebookLivePhotoCell.swift in Sources */ = {isa = PBXBuildFile; fileRef = 8B1494B01F0E35CC00548263 /* FacebookLivePhotoCell.swift */; };
		8B1494B31F0E35DD00548263 /* FacebookVideoCell.swift in Sources */ = {isa = PBXBuildFile; fileRef = 8B1494B21F0E35DD00548263 /* FacebookVideoCell.swift */; };
		8B1494B51F0E35E900548263 /* FacebookCameraCell.swift in Sources */ = {isa = PBXBuildFile; fileRef = 8B1494B41F0E35E900548263 /* FacebookCameraCell.swift */; };
		8B1494B71F0F131F00548263 /* FacebookPermissionVC.swift in Sources */ = {isa = PBXBuildFile; fileRef = 8B1494B61F0F131F00548263 /* FacebookPermissionVC.swift */; };
		8B3BE3C81F0F1FE90028D324 /* FacebookPhotosViewConfigure.swift in Sources */ = {isa = PBXBuildFile; fileRef = 8B3BE3C71F0F1FE90028D324 /* FacebookPhotosViewConfigure.swift */; };
		8B3BE3CA1F0F1FF90028D324 /* FacebookPhotoCollectionsViewConfigure.swift in Sources */ = {isa = PBXBuildFile; fileRef = 8B3BE3C91F0F1FF90028D324 /* FacebookPhotoCollectionsViewConfigure.swift */; };
		8B3BE3CC1F0F20050028D324 /* FacebookPhotosLayout.swift in Sources */ = {isa = PBXBuildFile; fileRef = 8B3BE3CB1F0F20050028D324 /* FacebookPhotosLayout.swift */; };
		8B3BE3CE1F0F20120028D324 /* FacebookPhotoCollectionLayout.swift in Sources */ = {isa = PBXBuildFile; fileRef = 8B3BE3CD1F0F20120028D324 /* FacebookPhotoCollectionLayout.swift */; };
		8B3BE3D01F0F20250028D324 /* FacebookPhotoCollectionCell.swift in Sources */ = {isa = PBXBuildFile; fileRef = 8B3BE3CF1F0F20250028D324 /* FacebookPhotoCollectionCell.swift */; };
		8B3BE3D21F0F27430028D324 /* FacebookPhotoPickerVC.swift in Sources */ = {isa = PBXBuildFile; fileRef = 8B3BE3D11F0F27430028D324 /* FacebookPhotoPickerVC.swift */; };
		8B3BE3D41F0F274A0028D324 /* FacebookPhotoPicker.swift in Sources */ = {isa = PBXBuildFile; fileRef = 8B3BE3D31F0F274A0028D324 /* FacebookPhotoPicker.swift */; };
		8B3BE3DC1F0F2C420028D324 /* KaKaoChatVC.swift in Sources */ = {isa = PBXBuildFile; fileRef = 8B3BE3D61F0F2C420028D324 /* KaKaoChatVC.swift */; };
		8B3BE3DD1F0F2C420028D324 /* InputBar.swift in Sources */ = {isa = PBXBuildFile; fileRef = 8B3BE3D71F0F2C420028D324 /* InputBar.swift */; };
		8B3BE3DE1F0F2C420028D324 /* TextView.swift in Sources */ = {isa = PBXBuildFile; fileRef = 8B3BE3D81F0F2C420028D324 /* TextView.swift */; };
		8B3BE3DF1F0F2C420028D324 /* PlusButton.swift in Sources */ = {isa = PBXBuildFile; fileRef = 8B3BE3D91F0F2C420028D324 /* PlusButton.swift */; };
		8B3BE3E01F0F2C420028D324 /* KaKaoChatCell.swift in Sources */ = {isa = PBXBuildFile; fileRef = 8B3BE3DA1F0F2C420028D324 /* KaKaoChatCell.swift */; };
		8B3BE3E11F0F2C420028D324 /* KaKaoChatPhotosLayout.swift in Sources */ = {isa = PBXBuildFile; fileRef = 8B3BE3DB1F0F2C420028D324 /* KaKaoChatPhotosLayout.swift */; };
		8B3BE3E41F0F2D680028D324 /* KaKaoChatPhotoViewsConfigure.swift in Sources */ = {isa = PBXBuildFile; fileRef = 8B3BE3E31F0F2D680028D324 /* KaKaoChatPhotoViewsConfigure.swift */; };
		8B60A3691F0A09A200D1BDC6 /* KaKaoPhotoPicker.swift in Sources */ = {isa = PBXBuildFile; fileRef = 8B60A3681F0A09A200D1BDC6 /* KaKaoPhotoPicker.swift */; };
		8B60A36B1F0A09D600D1BDC6 /* KaKaoPhotoPickerVC.swift in Sources */ = {isa = PBXBuildFile; fileRef = 8B60A36A1F0A09D600D1BDC6 /* KaKaoPhotoPickerVC.swift */; };
		8BB284571F0C73440048C8D2 /* KaKaoPhotoCell.swift in Sources */ = {isa = PBXBuildFile; fileRef = 8BB284561F0C73440048C8D2 /* KaKaoPhotoCell.swift */; };
		8BB284591F0C79BD0048C8D2 /* KaKaoLivePhotoCell.swift in Sources */ = {isa = PBXBuildFile; fileRef = 8BB284581F0C79BD0048C8D2 /* KaKaoLivePhotoCell.swift */; };
		8BB2845B1F0C7DFB0048C8D2 /* KaKaoVideoCell.swift in Sources */ = {isa = PBXBuildFile; fileRef = 8BB2845A1F0C7DFB0048C8D2 /* KaKaoVideoCell.swift */; };
		8BB284611F0C9C0B0048C8D2 /* CheckImageView.swift in Sources */ = {isa = PBXBuildFile; fileRef = 8BB2845E1F0C9C0B0048C8D2 /* CheckImageView.swift */; };
		8BB284621F0C9C0B0048C8D2 /* NumberLabel.swift in Sources */ = {isa = PBXBuildFile; fileRef = 8BB2845F1F0C9C0B0048C8D2 /* NumberLabel.swift */; };
		8BB284631F0C9C0B0048C8D2 /* DurationLabel.swift in Sources */ = {isa = PBXBuildFile; fileRef = 8BB284601F0C9C0B0048C8D2 /* DurationLabel.swift */; };
		8BB284651F0CA06E0048C8D2 /* KaKaoCameraCell.swift in Sources */ = {isa = PBXBuildFile; fileRef = 8BB284641F0CA06E0048C8D2 /* KaKaoCameraCell.swift */; };
		8BBF47A81F0A0AA20012B611 /* MainVC.swift in Sources */ = {isa = PBXBuildFile; fileRef = 8BBF47A71F0A0AA20012B611 /* MainVC.swift */; };
		8BBF47AA1F0A0BA10012B611 /* kaKaoPermissionVC.swift in Sources */ = {isa = PBXBuildFile; fileRef = 8BBF47A91F0A0BA10012B611 /* kaKaoPermissionVC.swift */; };
		8BF4158C1F07D49D001D766F /* UIView+FluidStyleAutoLayout.swift in Sources */ = {isa = PBXBuildFile; fileRef = 8BF4158B1F07D49D001D766F /* UIView+FluidStyleAutoLayout.swift */; };
/* End PBXBuildFile section */

/* Begin PBXContainerItemProxy section */
		607FACE61AFB9204008FA782 /* PBXContainerItemProxy */ = {
			isa = PBXContainerItemProxy;
			containerPortal = 607FACC81AFB9204008FA782 /* Project object */;
			proxyType = 1;
			remoteGlobalIDString = 607FACCF1AFB9204008FA782;
			remoteInfo = EasyMakePhotoPicker;
		};
/* End PBXContainerItemProxy section */

/* Begin PBXFileReference section */
		0193BF6F991F2A13DA2FC676 /* Pods_EasyMakePhotoPicker_Tests.framework */ = {isa = PBXFileReference; explicitFileType = wrapper.framework; includeInIndex = 0; path = Pods_EasyMakePhotoPicker_Tests.framework; sourceTree = BUILT_PRODUCTS_DIR; };
		15BE16E08B5052E59CCEC4BA /* README.md */ = {isa = PBXFileReference; includeInIndex = 1; lastKnownFileType = net.daringfireball.markdown; name = README.md; path = ../README.md; sourceTree = "<group>"; };
		1DB5612B80385A3CD227121A /* Pods-EasyMakePhotoPicker_Tests.release.xcconfig */ = {isa = PBXFileReference; includeInIndex = 1; lastKnownFileType = text.xcconfig; name = "Pods-EasyMakePhotoPicker_Tests.release.xcconfig"; path = "Pods/Target Support Files/Pods-EasyMakePhotoPicker_Tests/Pods-EasyMakePhotoPicker_Tests.release.xcconfig"; sourceTree = "<group>"; };
		1F69908D60BD2FF16C4F55F1 /* Pods-EasyMakePhotoPicker_Example.release.xcconfig */ = {isa = PBXFileReference; includeInIndex = 1; lastKnownFileType = text.xcconfig; name = "Pods-EasyMakePhotoPicker_Example.release.xcconfig"; path = "Pods/Target Support Files/Pods-EasyMakePhotoPicker_Example/Pods-EasyMakePhotoPicker_Example.release.xcconfig"; sourceTree = "<group>"; };
		4D7933BDF045E5D432D39B5A /* Pods-EasyMakePhotoPicker_Example.debug.xcconfig */ = {isa = PBXFileReference; includeInIndex = 1; lastKnownFileType = text.xcconfig; name = "Pods-EasyMakePhotoPicker_Example.debug.xcconfig"; path = "Pods/Target Support Files/Pods-EasyMakePhotoPicker_Example/Pods-EasyMakePhotoPicker_Example.debug.xcconfig"; sourceTree = "<group>"; };
		607FACD01AFB9204008FA782 /* EasyMakePhotoPicker_Example.app */ = {isa = PBXFileReference; explicitFileType = wrapper.application; includeInIndex = 0; path = EasyMakePhotoPicker_Example.app; sourceTree = BUILT_PRODUCTS_DIR; };
		607FACD41AFB9204008FA782 /* Info.plist */ = {isa = PBXFileReference; lastKnownFileType = text.plist.xml; path = Info.plist; sourceTree = "<group>"; };
		607FACD51AFB9204008FA782 /* AppDelegate.swift */ = {isa = PBXFileReference; lastKnownFileType = sourcecode.swift; path = AppDelegate.swift; sourceTree = "<group>"; };
		607FACDC1AFB9204008FA782 /* Images.xcassets */ = {isa = PBXFileReference; lastKnownFileType = folder.assetcatalog; path = Images.xcassets; sourceTree = "<group>"; };
		607FACDF1AFB9204008FA782 /* Base */ = {isa = PBXFileReference; lastKnownFileType = file.xib; name = Base; path = Base.lproj/LaunchScreen.xib; sourceTree = "<group>"; };
		607FACE51AFB9204008FA782 /* EasyMakePhotoPicker_Tests.xctest */ = {isa = PBXFileReference; explicitFileType = wrapper.cfbundle; includeInIndex = 0; path = EasyMakePhotoPicker_Tests.xctest; sourceTree = BUILT_PRODUCTS_DIR; };
		607FACEA1AFB9204008FA782 /* Info.plist */ = {isa = PBXFileReference; lastKnownFileType = text.plist.xml; path = Info.plist; sourceTree = "<group>"; };
		607FACEB1AFB9204008FA782 /* Tests.swift */ = {isa = PBXFileReference; lastKnownFileType = sourcecode.swift; path = Tests.swift; sourceTree = "<group>"; };
		688A280E254D8000A7A13495 /* Pods_EasyMakePhotoPicker_Example.framework */ = {isa = PBXFileReference; explicitFileType = wrapper.framework; includeInIndex = 0; path = Pods_EasyMakePhotoPicker_Example.framework; sourceTree = BUILT_PRODUCTS_DIR; };
		8B1494701F0CDA1400548263 /* KaKaoPhotosViewConfigure.swift */ = {isa = PBXFileReference; fileEncoding = 4; lastKnownFileType = sourcecode.swift; path = KaKaoPhotosViewConfigure.swift; sourceTree = "<group>"; };
		8B1494721F0CE04400548263 /* KaKaoPhotoCollectionsViewConfigure.swift */ = {isa = PBXFileReference; fileEncoding = 4; lastKnownFileType = sourcecode.swift; path = KaKaoPhotoCollectionsViewConfigure.swift; sourceTree = "<group>"; };
		8B1494771F0CE2E800548263 /* KaKaoPhotosLayout.swift */ = {isa = PBXFileReference; fileEncoding = 4; lastKnownFileType = sourcecode.swift; path = KaKaoPhotosLayout.swift; sourceTree = "<group>"; };
		8B14949B1F0CE3C300548263 /* Base+View+VC.swift */ = {isa = PBXFileReference; fileEncoding = 4; lastKnownFileType = sourcecode.swift; path = "Base+View+VC.swift"; sourceTree = "<group>"; };
		8B14949D1F0E29D300548263 /* PlayerView.swift */ = {isa = PBXFileReference; fileEncoding = 4; lastKnownFileType = sourcecode.swift; path = PlayerView.swift; sourceTree = "<group>"; };
		8B1494A11F0E2AAB00548263 /* KaKaoPhotoCollectionLayout.swift */ = {isa = PBXFileReference; fileEncoding = 4; lastKnownFileType = sourcecode.swift; path = KaKaoPhotoCollectionLayout.swift; sourceTree = "<group>"; };
		8B1494A31F0E2C0700548263 /* KaKaoPhotoCollectionCell.swift */ = {isa = PBXFileReference; fileEncoding = 4; lastKnownFileType = sourcecode.swift; path = KaKaoPhotoCollectionCell.swift; sourceTree = "<group>"; };
		8B1494A91F0E2D8500548263 /* Then.swift */ = {isa = PBXFileReference; fileEncoding = 4; lastKnownFileType = sourcecode.swift; path = Then.swift; sourceTree = "<group>"; };
		8B1494AC1F0E359800548263 /* FacebookNumberLabel.swift */ = {isa = PBXFileReference; fileEncoding = 4; lastKnownFileType = sourcecode.swift; path = FacebookNumberLabel.swift; sourceTree = "<group>"; };
		8B1494AE1F0E35BF00548263 /* FacebookPhotoCell.swift */ = {isa = PBXFileReference; fileEncoding = 4; lastKnownFileType = sourcecode.swift; path = FacebookPhotoCell.swift; sourceTree = "<group>"; };
		8B1494B01F0E35CC00548263 /* FacebookLivePhotoCell.swift */ = {isa = PBXFileReference; fileEncoding = 4; lastKnownFileType = sourcecode.swift; path = FacebookLivePhotoCell.swift; sourceTree = "<group>"; };
		8B1494B21F0E35DD00548263 /* FacebookVideoCell.swift */ = {isa = PBXFileReference; fileEncoding = 4; lastKnownFileType = sourcecode.swift; path = FacebookVideoCell.swift; sourceTree = "<group>"; };
		8B1494B41F0E35E900548263 /* FacebookCameraCell.swift */ = {isa = PBXFileReference; fileEncoding = 4; lastKnownFileType = sourcecode.swift; path = FacebookCameraCell.swift; sourceTree = "<group>"; };
		8B1494B61F0F131F00548263 /* FacebookPermissionVC.swift */ = {isa = PBXFileReference; fileEncoding = 4; lastKnownFileType = sourcecode.swift; path = FacebookPermissionVC.swift; sourceTree = "<group>"; };
		8B3BE3C71F0F1FE90028D324 /* FacebookPhotosViewConfigure.swift */ = {isa = PBXFileReference; fileEncoding = 4; lastKnownFileType = sourcecode.swift; path = FacebookPhotosViewConfigure.swift; sourceTree = "<group>"; };
		8B3BE3C91F0F1FF90028D324 /* FacebookPhotoCollectionsViewConfigure.swift */ = {isa = PBXFileReference; fileEncoding = 4; lastKnownFileType = sourcecode.swift; path = FacebookPhotoCollectionsViewConfigure.swift; sourceTree = "<group>"; };
		8B3BE3CB1F0F20050028D324 /* FacebookPhotosLayout.swift */ = {isa = PBXFileReference; fileEncoding = 4; lastKnownFileType = sourcecode.swift; path = FacebookPhotosLayout.swift; sourceTree = "<group>"; };
		8B3BE3CD1F0F20120028D324 /* FacebookPhotoCollectionLayout.swift */ = {isa = PBXFileReference; fileEncoding = 4; lastKnownFileType = sourcecode.swift; path = FacebookPhotoCollectionLayout.swift; sourceTree = "<group>"; };
		8B3BE3CF1F0F20250028D324 /* FacebookPhotoCollectionCell.swift */ = {isa = PBXFileReference; fileEncoding = 4; lastKnownFileType = sourcecode.swift; path = FacebookPhotoCollectionCell.swift; sourceTree = "<group>"; };
		8B3BE3D11F0F27430028D324 /* FacebookPhotoPickerVC.swift */ = {isa = PBXFileReference; fileEncoding = 4; lastKnownFileType = sourcecode.swift; path = FacebookPhotoPickerVC.swift; sourceTree = "<group>"; };
		8B3BE3D31F0F274A0028D324 /* FacebookPhotoPicker.swift */ = {isa = PBXFileReference; fileEncoding = 4; lastKnownFileType = sourcecode.swift; path = FacebookPhotoPicker.swift; sourceTree = "<group>"; };
		8B3BE3D61F0F2C420028D324 /* KaKaoChatVC.swift */ = {isa = PBXFileReference; fileEncoding = 4; lastKnownFileType = sourcecode.swift; path = KaKaoChatVC.swift; sourceTree = "<group>"; };
		8B3BE3D71F0F2C420028D324 /* InputBar.swift */ = {isa = PBXFileReference; fileEncoding = 4; lastKnownFileType = sourcecode.swift; path = InputBar.swift; sourceTree = "<group>"; };
		8B3BE3D81F0F2C420028D324 /* TextView.swift */ = {isa = PBXFileReference; fileEncoding = 4; lastKnownFileType = sourcecode.swift; path = TextView.swift; sourceTree = "<group>"; };
		8B3BE3D91F0F2C420028D324 /* PlusButton.swift */ = {isa = PBXFileReference; fileEncoding = 4; lastKnownFileType = sourcecode.swift; path = PlusButton.swift; sourceTree = "<group>"; };
		8B3BE3DA1F0F2C420028D324 /* KaKaoChatCell.swift */ = {isa = PBXFileReference; fileEncoding = 4; lastKnownFileType = sourcecode.swift; path = KaKaoChatCell.swift; sourceTree = "<group>"; };
		8B3BE3DB1F0F2C420028D324 /* KaKaoChatPhotosLayout.swift */ = {isa = PBXFileReference; fileEncoding = 4; lastKnownFileType = sourcecode.swift; path = KaKaoChatPhotosLayout.swift; sourceTree = "<group>"; };
		8B3BE3E31F0F2D680028D324 /* KaKaoChatPhotoViewsConfigure.swift */ = {isa = PBXFileReference; fileEncoding = 4; lastKnownFileType = sourcecode.swift; path = KaKaoChatPhotoViewsConfigure.swift; sourceTree = "<group>"; };
		8B60A3681F0A09A200D1BDC6 /* KaKaoPhotoPicker.swift */ = {isa = PBXFileReference; fileEncoding = 4; lastKnownFileType = sourcecode.swift; path = KaKaoPhotoPicker.swift; sourceTree = "<group>"; };
		8B60A36A1F0A09D600D1BDC6 /* KaKaoPhotoPickerVC.swift */ = {isa = PBXFileReference; fileEncoding = 4; lastKnownFileType = sourcecode.swift; path = KaKaoPhotoPickerVC.swift; sourceTree = "<group>"; };
		8BB284561F0C73440048C8D2 /* KaKaoPhotoCell.swift */ = {isa = PBXFileReference; fileEncoding = 4; lastKnownFileType = sourcecode.swift; path = KaKaoPhotoCell.swift; sourceTree = "<group>"; };
		8BB284581F0C79BD0048C8D2 /* KaKaoLivePhotoCell.swift */ = {isa = PBXFileReference; fileEncoding = 4; lastKnownFileType = sourcecode.swift; path = KaKaoLivePhotoCell.swift; sourceTree = "<group>"; };
		8BB2845A1F0C7DFB0048C8D2 /* KaKaoVideoCell.swift */ = {isa = PBXFileReference; fileEncoding = 4; lastKnownFileType = sourcecode.swift; path = KaKaoVideoCell.swift; sourceTree = "<group>"; };
		8BB2845E1F0C9C0B0048C8D2 /* CheckImageView.swift */ = {isa = PBXFileReference; fileEncoding = 4; lastKnownFileType = sourcecode.swift; path = CheckImageView.swift; sourceTree = "<group>"; };
		8BB2845F1F0C9C0B0048C8D2 /* NumberLabel.swift */ = {isa = PBXFileReference; fileEncoding = 4; lastKnownFileType = sourcecode.swift; path = NumberLabel.swift; sourceTree = "<group>"; };
		8BB284601F0C9C0B0048C8D2 /* DurationLabel.swift */ = {isa = PBXFileReference; fileEncoding = 4; lastKnownFileType = sourcecode.swift; path = DurationLabel.swift; sourceTree = "<group>"; };
		8BB284641F0CA06E0048C8D2 /* KaKaoCameraCell.swift */ = {isa = PBXFileReference; fileEncoding = 4; lastKnownFileType = sourcecode.swift; path = KaKaoCameraCell.swift; sourceTree = "<group>"; };
		8BBF47A71F0A0AA20012B611 /* MainVC.swift */ = {isa = PBXFileReference; fileEncoding = 4; lastKnownFileType = sourcecode.swift; path = MainVC.swift; sourceTree = "<group>"; };
		8BBF47A91F0A0BA10012B611 /* kaKaoPermissionVC.swift */ = {isa = PBXFileReference; fileEncoding = 4; lastKnownFileType = sourcecode.swift; path = kaKaoPermissionVC.swift; sourceTree = "<group>"; };
		8BF4158B1F07D49D001D766F /* UIView+FluidStyleAutoLayout.swift */ = {isa = PBXFileReference; fileEncoding = 4; lastKnownFileType = sourcecode.swift; path = "UIView+FluidStyleAutoLayout.swift"; sourceTree = "<group>"; };
		8D7BE5173D23C484B5D1BED6 /* EasyMakePhotoPicker.podspec */ = {isa = PBXFileReference; includeInIndex = 1; lastKnownFileType = text; name = EasyMakePhotoPicker.podspec; path = ../EasyMakePhotoPicker.podspec; sourceTree = "<group>"; };
		A398EFE6B47E7FE3765BBFE4 /* Pods-EasyMakePhotoPicker_Tests.debug.xcconfig */ = {isa = PBXFileReference; includeInIndex = 1; lastKnownFileType = text.xcconfig; name = "Pods-EasyMakePhotoPicker_Tests.debug.xcconfig"; path = "Pods/Target Support Files/Pods-EasyMakePhotoPicker_Tests/Pods-EasyMakePhotoPicker_Tests.debug.xcconfig"; sourceTree = "<group>"; };
		B24D065F46CAAB8ECB5E5641 /* LICENSE */ = {isa = PBXFileReference; includeInIndex = 1; lastKnownFileType = text; name = LICENSE; path = ../LICENSE; sourceTree = "<group>"; };
/* End PBXFileReference section */

/* Begin PBXFrameworksBuildPhase section */
		607FACCD1AFB9204008FA782 /* Frameworks */ = {
			isa = PBXFrameworksBuildPhase;
			buildActionMask = 2147483647;
			files = (
				8939ACF591243926BAAECA64 /* Pods_EasyMakePhotoPicker_Example.framework in Frameworks */,
			);
			runOnlyForDeploymentPostprocessing = 0;
		};
		607FACE21AFB9204008FA782 /* Frameworks */ = {
			isa = PBXFrameworksBuildPhase;
			buildActionMask = 2147483647;
			files = (
				7842221DFE6510BF3BCACD09 /* Pods_EasyMakePhotoPicker_Tests.framework in Frameworks */,
			);
			runOnlyForDeploymentPostprocessing = 0;
		};
/* End PBXFrameworksBuildPhase section */

/* Begin PBXGroup section */
		607FACC71AFB9204008FA782 = {
			isa = PBXGroup;
			children = (
				607FACF51AFB993E008FA782 /* Podspec Metadata */,
				607FACD21AFB9204008FA782 /* Example for EasyMakePhotoPicker */,
				607FACE81AFB9204008FA782 /* Tests */,
				607FACD11AFB9204008FA782 /* Products */,
				AC400B3E1BB5217CB1C646B9 /* Pods */,
				AB891FEFE5193C3E30A909FA /* Frameworks */,
			);
			sourceTree = "<group>";
		};
		607FACD11AFB9204008FA782 /* Products */ = {
			isa = PBXGroup;
			children = (
				607FACD01AFB9204008FA782 /* EasyMakePhotoPicker_Example.app */,
				607FACE51AFB9204008FA782 /* EasyMakePhotoPicker_Tests.xctest */,
			);
			name = Products;
			sourceTree = "<group>";
		};
		607FACD21AFB9204008FA782 /* Example for EasyMakePhotoPicker */ = {
			isa = PBXGroup;
			children = (
				607FACD51AFB9204008FA782 /* AppDelegate.swift */,
				8BBF47A71F0A0AA20012B611 /* MainVC.swift */,
				8BBF47AB1F0A12E50012B611 /* KaKaChatPhotoPicker */,
				8B60A3671F0A098500D1BDC6 /* KaKaoPhotoPicker */,
				8BB960861F04FBB1000EBB20 /* FacebookPhotoPicker */,
				8BB284691F0CAB7F0048C8D2 /* Extension */,
				607FACDE1AFB9204008FA782 /* LaunchScreen.xib */,
				607FACDC1AFB9204008FA782 /* Images.xcassets */,
				607FACD31AFB9204008FA782 /* Supporting Files */,
			);
			name = "Example for EasyMakePhotoPicker";
			path = EasyMakePhotoPicker;
			sourceTree = "<group>";
		};
		607FACD31AFB9204008FA782 /* Supporting Files */ = {
			isa = PBXGroup;
			children = (
				607FACD41AFB9204008FA782 /* Info.plist */,
			);
			name = "Supporting Files";
			sourceTree = "<group>";
		};
		607FACE81AFB9204008FA782 /* Tests */ = {
			isa = PBXGroup;
			children = (
				607FACEB1AFB9204008FA782 /* Tests.swift */,
				607FACE91AFB9204008FA782 /* Supporting Files */,
			);
			path = Tests;
			sourceTree = "<group>";
		};
		607FACE91AFB9204008FA782 /* Supporting Files */ = {
			isa = PBXGroup;
			children = (
				607FACEA1AFB9204008FA782 /* Info.plist */,
			);
			name = "Supporting Files";
			sourceTree = "<group>";
		};
		607FACF51AFB993E008FA782 /* Podspec Metadata */ = {
			isa = PBXGroup;
			children = (
				8D7BE5173D23C484B5D1BED6 /* EasyMakePhotoPicker.podspec */,
				15BE16E08B5052E59CCEC4BA /* README.md */,
				B24D065F46CAAB8ECB5E5641 /* LICENSE */,
			);
			name = "Podspec Metadata";
			sourceTree = "<group>";
		};
		8B1494AB1F0E358500548263 /* ResourceView */ = {
			isa = PBXGroup;
			children = (
				8B1494AC1F0E359800548263 /* FacebookNumberLabel.swift */,
			);
			name = ResourceView;
			sourceTree = "<group>";
		};
		8B3BE3E21F0F2C620028D324 /* ResourceView */ = {
			isa = PBXGroup;
			children = (
				8B3BE3DA1F0F2C420028D324 /* KaKaoChatCell.swift */,
				8B3BE3D71F0F2C420028D324 /* InputBar.swift */,
				8B3BE3D81F0F2C420028D324 /* TextView.swift */,
				8B3BE3D91F0F2C420028D324 /* PlusButton.swift */,
			);
			name = ResourceView;
			sourceTree = "<group>";
		};
		8B60A3671F0A098500D1BDC6 /* KaKaoPhotoPicker */ = {
			isa = PBXGroup;
			children = (
				8B60A3681F0A09A200D1BDC6 /* KaKaoPhotoPicker.swift */,
				8B60A36A1F0A09D600D1BDC6 /* KaKaoPhotoPickerVC.swift */,
				8B1494701F0CDA1400548263 /* KaKaoPhotosViewConfigure.swift */,
				8BB284641F0CA06E0048C8D2 /* KaKaoCameraCell.swift */,
				8BB284561F0C73440048C8D2 /* KaKaoPhotoCell.swift */,
				8BB284581F0C79BD0048C8D2 /* KaKaoLivePhotoCell.swift */,
				8BB2845A1F0C7DFB0048C8D2 /* KaKaoVideoCell.swift */,
				8BBF47A91F0A0BA10012B611 /* kaKaoPermissionVC.swift */,
				8B1494721F0CE04400548263 /* KaKaoPhotoCollectionsViewConfigure.swift */,
				8B1494A31F0E2C0700548263 /* KaKaoPhotoCollectionCell.swift */,
				8B1494771F0CE2E800548263 /* KaKaoPhotosLayout.swift */,
				8B1494A11F0E2AAB00548263 /* KaKaoPhotoCollectionLayout.swift */,
				8BB284681F0CAB580048C8D2 /* ResourceView */,
			);
			name = KaKaoPhotoPicker;
			sourceTree = "<group>";
		};
		8BB284681F0CAB580048C8D2 /* ResourceView */ = {
			isa = PBXGroup;
			children = (
				8BB2845E1F0C9C0B0048C8D2 /* CheckImageView.swift */,
				8BB2845F1F0C9C0B0048C8D2 /* NumberLabel.swift */,
				8BB284601F0C9C0B0048C8D2 /* DurationLabel.swift */,
				8B14949D1F0E29D300548263 /* PlayerView.swift */,
			);
			name = ResourceView;
			sourceTree = "<group>";
		};
		8BB284691F0CAB7F0048C8D2 /* Extension */ = {
			isa = PBXGroup;
			children = (
				8B1494A91F0E2D8500548263 /* Then.swift */,
				8B14949B1F0CE3C300548263 /* Base+View+VC.swift */,
				8BF4158B1F07D49D001D766F /* UIView+FluidStyleAutoLayout.swift */,
			);
			name = Extension;
			sourceTree = "<group>";
		};
		8BB960861F04FBB1000EBB20 /* FacebookPhotoPicker */ = {
			isa = PBXGroup;
			children = (
				8B3BE3D31F0F274A0028D324 /* FacebookPhotoPicker.swift */,
				8B3BE3D11F0F27430028D324 /* FacebookPhotoPickerVC.swift */,
				8B1494B61F0F131F00548263 /* FacebookPermissionVC.swift */,
				8B1494AE1F0E35BF00548263 /* FacebookPhotoCell.swift */,
				8B1494B01F0E35CC00548263 /* FacebookLivePhotoCell.swift */,
				8B1494B21F0E35DD00548263 /* FacebookVideoCell.swift */,
				8B1494B41F0E35E900548263 /* FacebookCameraCell.swift */,
				8B3BE3CB1F0F20050028D324 /* FacebookPhotosLayout.swift */,
				8B3BE3C71F0F1FE90028D324 /* FacebookPhotosViewConfigure.swift */,
				8B3BE3CF1F0F20250028D324 /* FacebookPhotoCollectionCell.swift */,
				8B3BE3CD1F0F20120028D324 /* FacebookPhotoCollectionLayout.swift */,
				8B3BE3C91F0F1FF90028D324 /* FacebookPhotoCollectionsViewConfigure.swift */,
				8B1494AB1F0E358500548263 /* ResourceView */,
			);
			name = FacebookPhotoPicker;
			sourceTree = "<group>";
		};
		8BBF47AB1F0A12E50012B611 /* KaKaChatPhotoPicker */ = {
			isa = PBXGroup;
			children = (
				8B3BE3D61F0F2C420028D324 /* KaKaoChatVC.swift */,
				8B3BE3DB1F0F2C420028D324 /* KaKaoChatPhotosLayout.swift */,
				8B3BE3E31F0F2D680028D324 /* KaKaoChatPhotoViewsConfigure.swift */,
				8B3BE3E21F0F2C620028D324 /* ResourceView */,
			);
			name = KaKaChatPhotoPicker;
			sourceTree = "<group>";
		};
		AB891FEFE5193C3E30A909FA /* Frameworks */ = {
			isa = PBXGroup;
			children = (
				688A280E254D8000A7A13495 /* Pods_EasyMakePhotoPicker_Example.framework */,
				0193BF6F991F2A13DA2FC676 /* Pods_EasyMakePhotoPicker_Tests.framework */,
			);
			name = Frameworks;
			sourceTree = "<group>";
		};
		AC400B3E1BB5217CB1C646B9 /* Pods */ = {
			isa = PBXGroup;
			children = (
				4D7933BDF045E5D432D39B5A /* Pods-EasyMakePhotoPicker_Example.debug.xcconfig */,
				1F69908D60BD2FF16C4F55F1 /* Pods-EasyMakePhotoPicker_Example.release.xcconfig */,
				A398EFE6B47E7FE3765BBFE4 /* Pods-EasyMakePhotoPicker_Tests.debug.xcconfig */,
				1DB5612B80385A3CD227121A /* Pods-EasyMakePhotoPicker_Tests.release.xcconfig */,
			);
			name = Pods;
			sourceTree = "<group>";
		};
/* End PBXGroup section */

/* Begin PBXNativeTarget section */
		607FACCF1AFB9204008FA782 /* EasyMakePhotoPicker_Example */ = {
			isa = PBXNativeTarget;
			buildConfigurationList = 607FACEF1AFB9204008FA782 /* Build configuration list for PBXNativeTarget "EasyMakePhotoPicker_Example" */;
			buildPhases = (
				974BA3DBB803E3121886BE88 /* [CP] Check Pods Manifest.lock */,
				607FACCC1AFB9204008FA782 /* Sources */,
				607FACCD1AFB9204008FA782 /* Frameworks */,
				607FACCE1AFB9204008FA782 /* Resources */,
				844648EB7C38F369A5A4440F /* [CP] Embed Pods Frameworks */,
				DEA770DA57D1B36730917FCC /* [CP] Copy Pods Resources */,
			);
			buildRules = (
			);
			dependencies = (
			);
			name = EasyMakePhotoPicker_Example;
			productName = EasyMakePhotoPicker;
			productReference = 607FACD01AFB9204008FA782 /* EasyMakePhotoPicker_Example.app */;
			productType = "com.apple.product-type.application";
		};
		607FACE41AFB9204008FA782 /* EasyMakePhotoPicker_Tests */ = {
			isa = PBXNativeTarget;
			buildConfigurationList = 607FACF21AFB9204008FA782 /* Build configuration list for PBXNativeTarget "EasyMakePhotoPicker_Tests" */;
			buildPhases = (
				63DF88068871A5548E4117E4 /* [CP] Check Pods Manifest.lock */,
				607FACE11AFB9204008FA782 /* Sources */,
				607FACE21AFB9204008FA782 /* Frameworks */,
				607FACE31AFB9204008FA782 /* Resources */,
				244A824843A0C46EEFE0B144 /* [CP] Embed Pods Frameworks */,
				3FA4C1F2003B7CC8F35D1F77 /* [CP] Copy Pods Resources */,
			);
			buildRules = (
			);
			dependencies = (
				607FACE71AFB9204008FA782 /* PBXTargetDependency */,
			);
			name = EasyMakePhotoPicker_Tests;
			productName = Tests;
			productReference = 607FACE51AFB9204008FA782 /* EasyMakePhotoPicker_Tests.xctest */;
			productType = "com.apple.product-type.bundle.unit-test";
		};
/* End PBXNativeTarget section */

/* Begin PBXProject section */
		607FACC81AFB9204008FA782 /* Project object */ = {
			isa = PBXProject;
			attributes = {
				LastSwiftUpdateCheck = 0720;
				LastUpgradeCheck = 0820;
				ORGANIZATIONNAME = CocoaPods;
				TargetAttributes = {
					607FACCF1AFB9204008FA782 = {
						CreatedOnToolsVersion = 6.3.1;
						DevelopmentTeam = CU3LKXLMCE;
						LastSwiftMigration = 0820;
					};
					607FACE41AFB9204008FA782 = {
						CreatedOnToolsVersion = 6.3.1;
						DevelopmentTeam = CU3LKXLMCE;
						LastSwiftMigration = 0820;
						TestTargetID = 607FACCF1AFB9204008FA782;
					};
				};
			};
			buildConfigurationList = 607FACCB1AFB9204008FA782 /* Build configuration list for PBXProject "EasyMakePhotoPicker" */;
			compatibilityVersion = "Xcode 3.2";
			developmentRegion = English;
			hasScannedForEncodings = 0;
			knownRegions = (
				en,
				Base,
			);
			mainGroup = 607FACC71AFB9204008FA782;
			productRefGroup = 607FACD11AFB9204008FA782 /* Products */;
			projectDirPath = "";
			projectRoot = "";
			targets = (
				607FACCF1AFB9204008FA782 /* EasyMakePhotoPicker_Example */,
				607FACE41AFB9204008FA782 /* EasyMakePhotoPicker_Tests */,
			);
		};
/* End PBXProject section */

/* Begin PBXResourcesBuildPhase section */
		607FACCE1AFB9204008FA782 /* Resources */ = {
			isa = PBXResourcesBuildPhase;
			buildActionMask = 2147483647;
			files = (
				607FACE01AFB9204008FA782 /* LaunchScreen.xib in Resources */,
				607FACDD1AFB9204008FA782 /* Images.xcassets in Resources */,
			);
			runOnlyForDeploymentPostprocessing = 0;
		};
		607FACE31AFB9204008FA782 /* Resources */ = {
			isa = PBXResourcesBuildPhase;
			buildActionMask = 2147483647;
			files = (
			);
			runOnlyForDeploymentPostprocessing = 0;
		};
/* End PBXResourcesBuildPhase section */

/* Begin PBXShellScriptBuildPhase section */
		244A824843A0C46EEFE0B144 /* [CP] Embed Pods Frameworks */ = {
			isa = PBXShellScriptBuildPhase;
			buildActionMask = 2147483647;
			files = (
			);
			inputPaths = (
			);
			name = "[CP] Embed Pods Frameworks";
			outputPaths = (
			);
			runOnlyForDeploymentPostprocessing = 0;
			shellPath = /bin/sh;
			shellScript = "\"${SRCROOT}/Pods/Target Support Files/Pods-EasyMakePhotoPicker_Tests/Pods-EasyMakePhotoPicker_Tests-frameworks.sh\"\n";
			showEnvVarsInLog = 0;
		};
		3FA4C1F2003B7CC8F35D1F77 /* [CP] Copy Pods Resources */ = {
			isa = PBXShellScriptBuildPhase;
			buildActionMask = 2147483647;
			files = (
			);
			inputPaths = (
			);
			name = "[CP] Copy Pods Resources";
			outputPaths = (
			);
			runOnlyForDeploymentPostprocessing = 0;
			shellPath = /bin/sh;
			shellScript = "\"${SRCROOT}/Pods/Target Support Files/Pods-EasyMakePhotoPicker_Tests/Pods-EasyMakePhotoPicker_Tests-resources.sh\"\n";
			showEnvVarsInLog = 0;
		};
		63DF88068871A5548E4117E4 /* [CP] Check Pods Manifest.lock */ = {
			isa = PBXShellScriptBuildPhase;
			buildActionMask = 2147483647;
			files = (
			);
			inputPaths = (
			);
			name = "[CP] Check Pods Manifest.lock";
			outputPaths = (
			);
			runOnlyForDeploymentPostprocessing = 0;
			shellPath = /bin/sh;
			shellScript = "diff \"${PODS_PODFILE_DIR_PATH}/Podfile.lock\" \"${PODS_ROOT}/Manifest.lock\" > /dev/null\nif [ $? != 0 ] ; then\n    # print error to STDERR\n    echo \"error: The sandbox is not in sync with the Podfile.lock. Run 'pod install' or update your CocoaPods installation.\" >&2\n    exit 1\nfi\n";
			showEnvVarsInLog = 0;
		};
		844648EB7C38F369A5A4440F /* [CP] Embed Pods Frameworks */ = {
			isa = PBXShellScriptBuildPhase;
			buildActionMask = 2147483647;
			files = (
			);
			inputPaths = (
			);
			name = "[CP] Embed Pods Frameworks";
			outputPaths = (
			);
			runOnlyForDeploymentPostprocessing = 0;
			shellPath = /bin/sh;
			shellScript = "\"${SRCROOT}/Pods/Target Support Files/Pods-EasyMakePhotoPicker_Example/Pods-EasyMakePhotoPicker_Example-frameworks.sh\"\n";
			showEnvVarsInLog = 0;
		};
		974BA3DBB803E3121886BE88 /* [CP] Check Pods Manifest.lock */ = {
			isa = PBXShellScriptBuildPhase;
			buildActionMask = 2147483647;
			files = (
			);
			inputPaths = (
			);
			name = "[CP] Check Pods Manifest.lock";
			outputPaths = (
			);
			runOnlyForDeploymentPostprocessing = 0;
			shellPath = /bin/sh;
			shellScript = "diff \"${PODS_PODFILE_DIR_PATH}/Podfile.lock\" \"${PODS_ROOT}/Manifest.lock\" > /dev/null\nif [ $? != 0 ] ; then\n    # print error to STDERR\n    echo \"error: The sandbox is not in sync with the Podfile.lock. Run 'pod install' or update your CocoaPods installation.\" >&2\n    exit 1\nfi\n";
			showEnvVarsInLog = 0;
		};
		DEA770DA57D1B36730917FCC /* [CP] Copy Pods Resources */ = {
			isa = PBXShellScriptBuildPhase;
			buildActionMask = 2147483647;
			files = (
			);
			inputPaths = (
			);
			name = "[CP] Copy Pods Resources";
			outputPaths = (
			);
			runOnlyForDeploymentPostprocessing = 0;
			shellPath = /bin/sh;
			shellScript = "\"${SRCROOT}/Pods/Target Support Files/Pods-EasyMakePhotoPicker_Example/Pods-EasyMakePhotoPicker_Example-resources.sh\"\n";
			showEnvVarsInLog = 0;
		};
/* End PBXShellScriptBuildPhase section */

/* Begin PBXSourcesBuildPhase section */
		607FACCC1AFB9204008FA782 /* Sources */ = {
			isa = PBXSourcesBuildPhase;
			buildActionMask = 2147483647;
			files = (
				8BF4158C1F07D49D001D766F /* UIView+FluidStyleAutoLayout.swift in Sources */,
				8B3BE3DF1F0F2C420028D324 /* PlusButton.swift in Sources */,
				8BB284571F0C73440048C8D2 /* KaKaoPhotoCell.swift in Sources */,
				8B1494B11F0E35CC00548263 /* FacebookLivePhotoCell.swift in Sources */,
				8BB2845B1F0C7DFB0048C8D2 /* KaKaoVideoCell.swift in Sources */,
				8B3BE3D01F0F20250028D324 /* FacebookPhotoCollectionCell.swift in Sources */,
				8B3BE3DE1F0F2C420028D324 /* TextView.swift in Sources */,
				8B3BE3CE1F0F20120028D324 /* FacebookPhotoCollectionLayout.swift in Sources */,
				8B14949C1F0CE3C300548263 /* Base+View+VC.swift in Sources */,
				8B3BE3E11F0F2C420028D324 /* KaKaoChatPhotosLayout.swift in Sources */,
				8BBF47AA1F0A0BA10012B611 /* kaKaoPermissionVC.swift in Sources */,
				8B1494731F0CE04400548263 /* KaKaoPhotoCollectionsViewConfigure.swift in Sources */,
				8B1494B31F0E35DD00548263 /* FacebookVideoCell.swift in Sources */,
				8BB284611F0C9C0B0048C8D2 /* CheckImageView.swift in Sources */,
				8B1494A21F0E2AAB00548263 /* KaKaoPhotoCollectionLayout.swift in Sources */,
				8B60A36B1F0A09D600D1BDC6 /* KaKaoPhotoPickerVC.swift in Sources */,
				8BB284631F0C9C0B0048C8D2 /* DurationLabel.swift in Sources */,
				8B3BE3C81F0F1FE90028D324 /* FacebookPhotosViewConfigure.swift in Sources */,
				8B1494A41F0E2C0700548263 /* KaKaoPhotoCollectionCell.swift in Sources */,
				8B1494781F0CE2E800548263 /* KaKaoPhotosLayout.swift in Sources */,
				8B3BE3D21F0F27430028D324 /* FacebookPhotoPickerVC.swift in Sources */,
				8B3BE3E41F0F2D680028D324 /* KaKaoChatPhotoViewsConfigure.swift in Sources */,
				8B1494AF1F0E35BF00548263 /* FacebookPhotoCell.swift in Sources */,
				8BBF47A81F0A0AA20012B611 /* MainVC.swift in Sources */,
				8B3BE3CA1F0F1FF90028D324 /* FacebookPhotoCollectionsViewConfigure.swift in Sources */,
				8B3BE3E01F0F2C420028D324 /* KaKaoChatCell.swift in Sources */,
				8B1494AA1F0E2D8500548263 /* Then.swift in Sources */,
				8B60A3691F0A09A200D1BDC6 /* KaKaoPhotoPicker.swift in Sources */,
				8BB284621F0C9C0B0048C8D2 /* NumberLabel.swift in Sources */,
				8B3BE3D41F0F274A0028D324 /* FacebookPhotoPicker.swift in Sources */,
				8BB284591F0C79BD0048C8D2 /* KaKaoLivePhotoCell.swift in Sources */,
				8B1494B51F0E35E900548263 /* FacebookCameraCell.swift in Sources */,
				607FACD61AFB9204008FA782 /* AppDelegate.swift in Sources */,
				8B1494711F0CDA1400548263 /* KaKaoPhotosViewConfigure.swift in Sources */,
				8B3BE3DC1F0F2C420028D324 /* KaKaoChatVC.swift in Sources */,
				8B1494B71F0F131F00548263 /* FacebookPermissionVC.swift in Sources */,
				8B14949E1F0E29D300548263 /* PlayerView.swift in Sources */,
				8BB284651F0CA06E0048C8D2 /* KaKaoCameraCell.swift in Sources */,
				8B3BE3CC1F0F20050028D324 /* FacebookPhotosLayout.swift in Sources */,
				8B3BE3DD1F0F2C420028D324 /* InputBar.swift in Sources */,
				8B1494AD1F0E359800548263 /* FacebookNumberLabel.swift in Sources */,
			);
			runOnlyForDeploymentPostprocessing = 0;
		};
		607FACE11AFB9204008FA782 /* Sources */ = {
			isa = PBXSourcesBuildPhase;
			buildActionMask = 2147483647;
			files = (
				607FACEC1AFB9204008FA782 /* Tests.swift in Sources */,
			);
			runOnlyForDeploymentPostprocessing = 0;
		};
/* End PBXSourcesBuildPhase section */

/* Begin PBXTargetDependency section */
		607FACE71AFB9204008FA782 /* PBXTargetDependency */ = {
			isa = PBXTargetDependency;
			target = 607FACCF1AFB9204008FA782 /* EasyMakePhotoPicker_Example */;
			targetProxy = 607FACE61AFB9204008FA782 /* PBXContainerItemProxy */;
		};
/* End PBXTargetDependency section */

/* Begin PBXVariantGroup section */
		607FACDE1AFB9204008FA782 /* LaunchScreen.xib */ = {
			isa = PBXVariantGroup;
			children = (
				607FACDF1AFB9204008FA782 /* Base */,
			);
			name = LaunchScreen.xib;
			sourceTree = "<group>";
		};
/* End PBXVariantGroup section */

/* Begin XCBuildConfiguration section */
		607FACED1AFB9204008FA782 /* Debug */ = {
			isa = XCBuildConfiguration;
			buildSettings = {
				ALWAYS_SEARCH_USER_PATHS = NO;
				CLANG_CXX_LANGUAGE_STANDARD = "gnu++0x";
				CLANG_CXX_LIBRARY = "libc++";
				CLANG_ENABLE_MODULES = YES;
				CLANG_ENABLE_OBJC_ARC = YES;
				CLANG_WARN_BOOL_CONVERSION = YES;
				CLANG_WARN_CONSTANT_CONVERSION = YES;
				CLANG_WARN_DIRECT_OBJC_ISA_USAGE = YES_ERROR;
				CLANG_WARN_EMPTY_BODY = YES;
				CLANG_WARN_ENUM_CONVERSION = YES;
				CLANG_WARN_INFINITE_RECURSION = YES;
				CLANG_WARN_INT_CONVERSION = YES;
				CLANG_WARN_OBJC_ROOT_CLASS = YES_ERROR;
				CLANG_WARN_SUSPICIOUS_MOVE = YES;
				CLANG_WARN_UNREACHABLE_CODE = YES;
				CLANG_WARN__DUPLICATE_METHOD_MATCH = YES;
				"CODE_SIGN_IDENTITY[sdk=iphoneos*]" = "iPhone Developer";
				COPY_PHASE_STRIP = NO;
				DEBUG_INFORMATION_FORMAT = "dwarf-with-dsym";
				ENABLE_STRICT_OBJC_MSGSEND = YES;
				ENABLE_TESTABILITY = YES;
				GCC_C_LANGUAGE_STANDARD = gnu99;
				GCC_DYNAMIC_NO_PIC = NO;
				GCC_NO_COMMON_BLOCKS = YES;
				GCC_OPTIMIZATION_LEVEL = 0;
				GCC_PREPROCESSOR_DEFINITIONS = (
					"DEBUG=1",
					"$(inherited)",
				);
				GCC_SYMBOLS_PRIVATE_EXTERN = NO;
				GCC_WARN_64_TO_32_BIT_CONVERSION = YES;
				GCC_WARN_ABOUT_RETURN_TYPE = YES_ERROR;
				GCC_WARN_UNDECLARED_SELECTOR = YES;
				GCC_WARN_UNINITIALIZED_AUTOS = YES_AGGRESSIVE;
				GCC_WARN_UNUSED_FUNCTION = YES;
				GCC_WARN_UNUSED_VARIABLE = YES;
				IPHONEOS_DEPLOYMENT_TARGET = 9.1;
				MTL_ENABLE_DEBUG_INFO = YES;
				ONLY_ACTIVE_ARCH = YES;
				SDKROOT = iphoneos;
				SWIFT_OPTIMIZATION_LEVEL = "-Onone";
			};
			name = Debug;
		};
		607FACEE1AFB9204008FA782 /* Release */ = {
			isa = XCBuildConfiguration;
			buildSettings = {
				ALWAYS_SEARCH_USER_PATHS = NO;
				CLANG_CXX_LANGUAGE_STANDARD = "gnu++0x";
				CLANG_CXX_LIBRARY = "libc++";
				CLANG_ENABLE_MODULES = YES;
				CLANG_ENABLE_OBJC_ARC = YES;
				CLANG_WARN_BOOL_CONVERSION = YES;
				CLANG_WARN_CONSTANT_CONVERSION = YES;
				CLANG_WARN_DIRECT_OBJC_ISA_USAGE = YES_ERROR;
				CLANG_WARN_EMPTY_BODY = YES;
				CLANG_WARN_ENUM_CONVERSION = YES;
				CLANG_WARN_INFINITE_RECURSION = YES;
				CLANG_WARN_INT_CONVERSION = YES;
				CLANG_WARN_OBJC_ROOT_CLASS = YES_ERROR;
				CLANG_WARN_SUSPICIOUS_MOVE = YES;
				CLANG_WARN_UNREACHABLE_CODE = YES;
				CLANG_WARN__DUPLICATE_METHOD_MATCH = YES;
				"CODE_SIGN_IDENTITY[sdk=iphoneos*]" = "iPhone Developer";
				COPY_PHASE_STRIP = NO;
				DEBUG_INFORMATION_FORMAT = "dwarf-with-dsym";
				ENABLE_NS_ASSERTIONS = NO;
				ENABLE_STRICT_OBJC_MSGSEND = YES;
				GCC_C_LANGUAGE_STANDARD = gnu99;
				GCC_NO_COMMON_BLOCKS = YES;
				GCC_WARN_64_TO_32_BIT_CONVERSION = YES;
				GCC_WARN_ABOUT_RETURN_TYPE = YES_ERROR;
				GCC_WARN_UNDECLARED_SELECTOR = YES;
				GCC_WARN_UNINITIALIZED_AUTOS = YES_AGGRESSIVE;
				GCC_WARN_UNUSED_FUNCTION = YES;
				GCC_WARN_UNUSED_VARIABLE = YES;
				IPHONEOS_DEPLOYMENT_TARGET = 9.1;
				MTL_ENABLE_DEBUG_INFO = NO;
				SDKROOT = iphoneos;
				SWIFT_OPTIMIZATION_LEVEL = "-Owholemodule";
				VALIDATE_PRODUCT = YES;
			};
			name = Release;
		};
		607FACF01AFB9204008FA782 /* Debug */ = {
			isa = XCBuildConfiguration;
			baseConfigurationReference = 4D7933BDF045E5D432D39B5A /* Pods-EasyMakePhotoPicker_Example.debug.xcconfig */;
			buildSettings = {
				ASSETCATALOG_COMPILER_APPICON_NAME = AppIcon;
				DEVELOPMENT_TEAM = CU3LKXLMCE;
				INFOPLIST_FILE = EasyMakePhotoPicker/Info.plist;
				IPHONEOS_DEPLOYMENT_TARGET = 9.1;
				LD_RUNPATH_SEARCH_PATHS = "$(inherited) @executable_path/Frameworks";
				MODULE_NAME = ExampleApp;
				PRODUCT_BUNDLE_IDENTIFIER = "org.cocoapods.demo.$(PRODUCT_NAME:rfc1034identifier)";
				PRODUCT_NAME = "$(TARGET_NAME)";
				SWIFT_VERSION = 3.0;
				TARGETED_DEVICE_FAMILY = 1;
			};
			name = Debug;
		};
		607FACF11AFB9204008FA782 /* Release */ = {
			isa = XCBuildConfiguration;
			baseConfigurationReference = 1F69908D60BD2FF16C4F55F1 /* Pods-EasyMakePhotoPicker_Example.release.xcconfig */;
			buildSettings = {
				ASSETCATALOG_COMPILER_APPICON_NAME = AppIcon;
				DEVELOPMENT_TEAM = CU3LKXLMCE;
				INFOPLIST_FILE = EasyMakePhotoPicker/Info.plist;
				IPHONEOS_DEPLOYMENT_TARGET = 9.1;
				LD_RUNPATH_SEARCH_PATHS = "$(inherited) @executable_path/Frameworks";
				MODULE_NAME = ExampleApp;
				PRODUCT_BUNDLE_IDENTIFIER = "org.cocoapods.demo.$(PRODUCT_NAME:rfc1034identifier)";
				PRODUCT_NAME = "$(TARGET_NAME)";
				SWIFT_VERSION = 3.0;
				TARGETED_DEVICE_FAMILY = 1;
			};
			name = Release;
		};
		607FACF31AFB9204008FA782 /* Debug */ = {
			isa = XCBuildConfiguration;
			baseConfigurationReference = A398EFE6B47E7FE3765BBFE4 /* Pods-EasyMakePhotoPicker_Tests.debug.xcconfig */;
			buildSettings = {
				DEVELOPMENT_TEAM = CU3LKXLMCE;
				FRAMEWORK_SEARCH_PATHS = (
					"$(SDKROOT)/Developer/Library/Frameworks",
					"$(inherited)",
				);
				GCC_PREPROCESSOR_DEFINITIONS = (
					"DEBUG=1",
					"$(inherited)",
				);
				INFOPLIST_FILE = Tests/Info.plist;
				LD_RUNPATH_SEARCH_PATHS = "$(inherited) @executable_path/Frameworks @loader_path/Frameworks";
				PRODUCT_BUNDLE_IDENTIFIER = "org.cocoapods.$(PRODUCT_NAME:rfc1034identifier)";
				PRODUCT_NAME = "$(TARGET_NAME)";
				SWIFT_VERSION = 3.0;
			};
			name = Debug;
		};
		607FACF41AFB9204008FA782 /* Release */ = {
			isa = XCBuildConfiguration;
			baseConfigurationReference = 1DB5612B80385A3CD227121A /* Pods-EasyMakePhotoPicker_Tests.release.xcconfig */;
			buildSettings = {
				DEVELOPMENT_TEAM = CU3LKXLMCE;
				FRAMEWORK_SEARCH_PATHS = (
					"$(SDKROOT)/Developer/Library/Frameworks",
					"$(inherited)",
				);
				INFOPLIST_FILE = Tests/Info.plist;
				LD_RUNPATH_SEARCH_PATHS = "$(inherited) @executable_path/Frameworks @loader_path/Frameworks";
				PRODUCT_BUNDLE_IDENTIFIER = "org.cocoapods.$(PRODUCT_NAME:rfc1034identifier)";
				PRODUCT_NAME = "$(TARGET_NAME)";
				SWIFT_VERSION = 3.0;
			};
			name = Release;
		};
/* End XCBuildConfiguration section */

/* Begin XCConfigurationList section */
		607FACCB1AFB9204008FA782 /* Build configuration list for PBXProject "EasyMakePhotoPicker" */ = {
			isa = XCConfigurationList;
			buildConfigurations = (
				607FACED1AFB9204008FA782 /* Debug */,
				607FACEE1AFB9204008FA782 /* Release */,
			);
			defaultConfigurationIsVisible = 0;
			defaultConfigurationName = Release;
		};
		607FACEF1AFB9204008FA782 /* Build configuration list for PBXNativeTarget "EasyMakePhotoPicker_Example" */ = {
			isa = XCConfigurationList;
			buildConfigurations = (
				607FACF01AFB9204008FA782 /* Debug */,
				607FACF11AFB9204008FA782 /* Release */,
			);
			defaultConfigurationIsVisible = 0;
			defaultConfigurationName = Release;
		};
		607FACF21AFB9204008FA782 /* Build configuration list for PBXNativeTarget "EasyMakePhotoPicker_Tests" */ = {
			isa = XCConfigurationList;
			buildConfigurations = (
				607FACF31AFB9204008FA782 /* Debug */,
				607FACF41AFB9204008FA782 /* Release */,
			);
			defaultConfigurationIsVisible = 0;
			defaultConfigurationName = Release;
		};
/* End XCConfigurationList section */
	};
	rootObject = 607FACC81AFB9204008FA782 /* Project object */;
}
